
Microsoft Visual Studio Solution File, Format Version 12.00
# Visual Studio Version 17
VisualStudioVersion = 17.13.35825.156 d17.13
MinimumVisualStudioVersion = 10.0.40219.1
Project("{FAE04EC0-301F-11D3-BF4B-00C04F79EFBC}") = "AspNetCoreServicesApp", "AspNetCoreServicesApp\AspNetCoreServicesApp.csproj", "{E441357C-9A7E-4090-8FC4-51D7F2613EC8}"
EndProject
Global
	GlobalSection(SolutionConfigurationPlatforms) = preSolution
		Debug|Any CPU = Debug|Any CPU
		Release|Any CPU = Release|Any CPU
	EndGlobalSection
	GlobalSection(ProjectConfigurationPlatforms) = postSolution
		{E441357C-9A7E-4090-8FC4-51D7F2613EC8}.Debug|Any CPU.ActiveCfg = Debug|Any CPU
		{E441357C-9A7E-4090-8FC4-51D7F2613EC8}.Debug|Any CPU.Build.0 = Debug|Any CPU
		{E441357C-9A7E-4090-8FC4-51D7F2613EC8}.Release|Any CPU.ActiveCfg = Release|Any CPU
		{E441357C-9A7E-4090-8FC4-51D7F2613EC8}.Release|Any CPU.Build.0 = Release|Any CPU
	EndGlobalSection
	GlobalSection(SolutionProperties) = preSolution
		HideSolutionNode = FALSE
	EndGlobalSection
	GlobalSection(ExtensibilityGlobals) = postSolution
		SolutionGuid = {5FF72889-C817-4565-9FA0-3E831ADA7B67}
	EndGlobalSection
EndGlobal
