
Microsoft Visual Studio Solution File, Format Version 12.00
# Visual Studio Version 17
VisualStudioVersion = 17.8.34309.116
MinimumVisualStudioVersion = 10.0.40219.1
Project("{FAE04EC0-301F-11D3-BF4B-00C04F79EFBC}") = "AspNetCoreServicesRepositoryApp", "AspNetCoreServicesRepositoryApp\AspNetCoreServicesRepositoryApp.csproj", "{7C737395-5C29-4F36-AC80-ECD001153D99}"
EndProject
Global
	GlobalSection(SolutionConfigurationPlatforms) = preSolution
		Debug|Any CPU = Debug|Any CPU
		Release|Any CPU = Release|Any CPU
	EndGlobalSection
	GlobalSection(ProjectConfigurationPlatforms) = postSolution
		{7C737395-5C29-4F36-AC80-ECD001153D99}.Debug|Any CPU.ActiveCfg = Debug|Any CPU
		{7C737395-5C29-4F36-AC80-ECD001153D99}.Debug|Any CPU.Build.0 = Debug|Any CPU
		{7C737395-5C29-4F36-AC80-ECD001153D99}.Release|Any CPU.ActiveCfg = Release|Any CPU
		{7C737395-5C29-4F36-AC80-ECD001153D99}.Release|Any CPU.Build.0 = Release|Any CPU
	EndGlobalSection
	GlobalSection(SolutionProperties) = preSolution
		HideSolutionNode = FALSE
	EndGlobalSection
	GlobalSection(ExtensibilityGlobals) = postSolution
		SolutionGuid = {CD825C20-F057-4BD8-857B-6806F7638D85}
	EndGlobalSection
EndGlobal
