
Microsoft Visual Studio Solution File, Format Version 12.00
# Visual Studio Version 17
VisualStudioVersion = 17.8.34309.116
MinimumVisualStudioVersion = 10.0.40219.1
Project("{FAE04EC0-301F-11D3-BF4B-00C04F79EFBC}") = "FirstAspNetCoreApp", "FirstAspNetCoreApp\FirstAspNetCoreApp.csproj", "{C58E4892-03C7-4AF7-9959-7C8B8C15AEBD}"
EndProject
Global
	GlobalSection(SolutionConfigurationPlatforms) = preSolution
		Debug|Any CPU = Debug|Any CPU
		Release|Any CPU = Release|Any CPU
	EndGlobalSection
	GlobalSection(ProjectConfigurationPlatforms) = postSolution
		{C58E4892-03C7-4AF7-9959-7C8B8C15AEBD}.Debug|Any CPU.ActiveCfg = Debug|Any CPU
		{C58E4892-03C7-4AF7-9959-7C8B8C15AEBD}.Debug|Any CPU.Build.0 = Debug|Any CPU
		{C58E4892-03C7-4AF7-9959-7C8B8C15AEBD}.Release|Any CPU.ActiveCfg = Release|Any CPU
		{C58E4892-03C7-4AF7-9959-7C8B8C15AEBD}.Release|Any CPU.Build.0 = Release|Any CPU
	EndGlobalSection
	GlobalSection(SolutionProperties) = preSolution
		HideSolutionNode = FALSE
	EndGlobalSection
	GlobalSection(ExtensibilityGlobals) = postSolution
		SolutionGuid = {C8F05FCC-CE1A-48CA-A65D-B138DA08B2E1}
	EndGlobalSection
EndGlobal
