
Microsoft Visual Studio Solution File, Format Version 12.00
# Visual Studio Version 17
VisualStudioVersion = 17.5.33424.131
MinimumVisualStudioVersion = 10.0.40219.1
Project("{FAE04EC0-301F-11D3-BF4B-00C04F79EFBC}") = "FirstAspNetCoreApp", "FirstAspNetCoreApp\FirstAspNetCoreApp.csproj", "{AA24D8D1-C572-47BC-9169-ACF03C97330E}"
EndProject
Global
	GlobalSection(SolutionConfigurationPlatforms) = preSolution
		Debug|Any CPU = Debug|Any CPU
		Release|Any CPU = Release|Any CPU
	EndGlobalSection
	GlobalSection(ProjectConfigurationPlatforms) = postSolution
		{AA24D8D1-C572-47BC-9169-ACF03C97330E}.Debug|Any CPU.ActiveCfg = Debug|Any CPU
		{AA24D8D1-C572-47BC-9169-ACF03C97330E}.Debug|Any CPU.Build.0 = Debug|Any CPU
		{AA24D8D1-C572-47BC-9169-ACF03C97330E}.Release|Any CPU.ActiveCfg = Release|Any CPU
		{AA24D8D1-C572-47BC-9169-ACF03C97330E}.Release|Any CPU.Build.0 = Release|Any CPU
	EndGlobalSection
	GlobalSection(SolutionProperties) = preSolution
		HideSolutionNode = FALSE
	EndGlobalSection
	GlobalSection(ExtensibilityGlobals) = postSolution
		SolutionGuid = {0D50ACEB-A55D-4C82-91CF-C05792BC02B8}
	EndGlobalSection
EndGlobal
